DEPENDENCIES
  dropwizard
    path: .
    metadata: true
  dw_test
    path: test/cookbooks/dw_test

GRAPH
  apt (6.1.4)
  dropwizard (2.0.0)
  dw_test (1.0.0)
    dropwizard (>= 0.0.0)
    java (>= 0.0.0)
  homebrew (4.2.0)
  java (1.50.0)
    apt (>= 0.0.0)
    homebrew (>= 0.0.0)
    windows (>= 0.0.0)
  ohai (5.2.0)
  windows (3.4.0)
    ohai (>= 4.0.0)
